{
  "name": "agentchain",
  "version": "0.1.0",
  "lockfileVersion": 3,
  "requires": true,
  "packages": {
    "": {
      "name": "agentchain",
      "version": "0.1.0",
      "dependencies": {
        "@noble/ed25519": "3.2.0",
        "@noble/hashes": "2.4.0"
      },
      "engines": {
        "node": ">=22"
      }
    },
    "node_modules/@noble/ed25519": {
      "version": "3.2.0",
      "resolved": "https://registry.npmjs.org/@noble/ed25519/-/ed25519-3.2.0.tgz",
      "integrity": "sha512-criDgRlnUA09hchYrTy/JUWPIEap5rZxQe6wDWzRx51oWWpDRcUpuNzlgPxDJaOK6AsW9c0wKcj3rKRv6t+bPQ==",
      "license": "MIT",
      "funding": {
        "url": "https://paulmillr.com/funding/"
      }
    },
    "node_modules/@noble/hashes": {
      "version": "2.4.0",
      "resolved": "https://registry.npmjs.org/@noble/hashes/-/hashes-2.4.0.tgz",
      "integrity": "sha512-X5XaVWZIBCT7HHZGm5I7ZQXDwLG+bGXuSrMQAW+7Zvl87h1kmc1ZB1VSRJcpUfoUrGQp4Fkoxm5kZ+Ms+aW+eA==",
      "license": "MIT",
      "engines": {
        "node": ">= 20.19.0"
      },
      "funding": {
        "url": "https://paulmillr.com/funding/"
      }
    }
  }
}
